{
  "version": 4,
  "terraform_version": "1.0.5",
  "serial": 18,
  "lineage": "35e6ae62-f3ba-ab4c-d8c6-518e4fe39ba4",
  "outputs": {
    "IP_Address": {
      "value": "10.0.1.4",
      "type": "string"
    },
    "Resource_Group_Name": {
      "value": {
        "id": "/subscriptions/016d7106-54f2-483c-8087-307813d14cc1/resourceGroups/PRJNEWVM-MYTFRG",
        "location": "australiaeast",
        "name": "PRJNEWVM-MYTFRG",
        "tags": {},
        "timeouts": null
      },
      "type": [
        "object",
        {
          "id": "string",
          "location": "string",
          "name": "string",
          "tags": [
            "map",
            "string"
          ],
          "timeouts": [
            "object",
            {
              "create": "string",
              "delete": "string",
              "read": "string",
              "update": "string"
            }
          ]
        }
      ]
    },
    "VNet_Address": {
      "value": "/subscriptions/016d7106-54f2-483c-8087-307813d14cc1/resourceGroups/PRJNEWVM-MYTFRG/providers/Microsoft.Network/virtualNetworks/PRJNEWVM-MyTFVnet",
      "type": "string"
    },
    "Virtual_Machine_Name": {
      "value": "PRJNEWVM-MyVM",
      "type": "string"
    },
    "Vnet_Name": {
      "value": "MyTFSubnet",
      "type": "string"
    }
  },
  "resources": [
    {
      "mode": "managed",
      "type": "azurerm_network_interface",
      "name": "nic",
      "provider": "provider[\"registry.terraform.io/hashicorp/azurerm\"]",
      "instances": [
        {
          "schema_version": 0,
          "attributes": {
            "applied_dns_servers": [],
            "dns_servers": [],
            "enable_accelerated_networking": false,
            "enable_ip_forwarding": false,
            "id": "/subscriptions/016d7106-54f2-483c-8087-307813d14cc1/resourceGroups/PRJNEWVM-MYTFRG/providers/Microsoft.Network/networkInterfaces/PRJNEWVM-nic",
            "internal_dns_name_label": "",
            "internal_domain_name_suffix": "g5vcywyg1eqetb4avhsl5gzq0e.px.internal.cloudapp.net",
            "ip_configuration": [
              {
                "name": "testconfiguration1",
                "primary": true,
                "private_ip_address": "10.0.1.4",
                "private_ip_address_allocation": "Dynamic",
                "private_ip_address_version": "IPv4",
                "public_ip_address_id": "",
                "subnet_id": "/subscriptions/016d7106-54f2-483c-8087-307813d14cc1/resourceGroups/PRJNEWVM-MYTFRG/providers/Microsoft.Network/virtualNetworks/PRJNEWVM-MyTFVnet/subnets/MyTFSubnet"
              }
            ],
            "location": "australiaeast",
            "mac_address": "",
            "name": "PRJNEWVM-nic",
            "private_ip_address": "10.0.1.4",
            "private_ip_addresses": [
              "10.0.1.4"
            ],
            "resource_group_name": "PRJNEWVM-MYTFRG",
            "tags": null,
            "timeouts": null,
            "virtual_machine_id": ""
          },
          "sensitive_attributes": [],
          "private": "eyJlMmJmYjczMC1lY2FhLTExZTYtOGY4OC0zNDM2M2JjN2M0YzAiOnsiY3JlYXRlIjoxODAwMDAwMDAwMDAwLCJkZWxldGUiOjE4MDAwMDAwMDAwMDAsInJlYWQiOjMwMDAwMDAwMDAwMCwidXBkYXRlIjoxODAwMDAwMDAwMDAwfX0=",
          "dependencies": [
            "azurerm_resource_group.rg",
            "azurerm_subnet.subnet",
            "azurerm_virtual_network.vnet"
          ]
        }
      ]
    },
    {
      "mode": "managed",
      "type": "azurerm_resource_group",
      "name": "rg",
      "provider": "provider[\"registry.terraform.io/hashicorp/azurerm\"]",
      "instances": [
        {
          "schema_version": 0,
          "attributes": {
            "id": "/subscriptions/016d7106-54f2-483c-8087-307813d14cc1/resourceGroups/PRJNEWVM-MYTFRG",
            "location": "australiaeast",
            "name": "PRJNEWVM-MYTFRG",
            "tags": {},
            "timeouts": null
          },
          "sensitive_attributes": [],
          "private": "eyJlMmJmYjczMC1lY2FhLTExZTYtOGY4OC0zNDM2M2JjN2M0YzAiOnsiY3JlYXRlIjo1NDAwMDAwMDAwMDAwLCJkZWxldGUiOjU0MDAwMDAwMDAwMDAsInJlYWQiOjMwMDAwMDAwMDAwMCwidXBkYXRlIjo1NDAwMDAwMDAwMDAwfX0="
        }
      ]
    },
    {
      "mode": "managed",
      "type": "azurerm_subnet",
      "name": "subnet",
      "provider": "provider[\"registry.terraform.io/hashicorp/azurerm\"]",
      "instances": [
        {
          "schema_version": 0,
          "attributes": {
            "address_prefix": "10.0.1.0/24",
            "address_prefixes": [
              "10.0.1.0/24"
            ],
            "delegation": [],
            "enforce_private_link_endpoint_network_policies": false,
            "enforce_private_link_service_network_policies": false,
            "id": "/subscriptions/016d7106-54f2-483c-8087-307813d14cc1/resourceGroups/PRJNEWVM-MYTFRG/providers/Microsoft.Network/virtualNetworks/PRJNEWVM-MyTFVnet/subnets/MyTFSubnet",
            "name": "MyTFSubnet",
            "resource_group_name": "PRJNEWVM-MYTFRG",
            "service_endpoint_policy_ids": null,
            "service_endpoints": null,
            "timeouts": null,
            "virtual_network_name": "PRJNEWVM-MyTFVnet"
          },
          "sensitive_attributes": [],
          "private": "eyJlMmJmYjczMC1lY2FhLTExZTYtOGY4OC0zNDM2M2JjN2M0YzAiOnsiY3JlYXRlIjoxODAwMDAwMDAwMDAwLCJkZWxldGUiOjE4MDAwMDAwMDAwMDAsInJlYWQiOjMwMDAwMDAwMDAwMCwidXBkYXRlIjoxODAwMDAwMDAwMDAwfX0=",
          "dependencies": [
            "azurerm_resource_group.rg",
            "azurerm_virtual_network.vnet"
          ]
        }
      ]
    },
    {
      "mode": "managed",
      "type": "azurerm_virtual_machine",
      "name": "VM",
      "provider": "provider[\"registry.terraform.io/hashicorp/azurerm\"]",
      "instances": [
        {
          "schema_version": 0,
          "attributes": {
            "additional_capabilities": [],
            "availability_set_id": null,
            "boot_diagnostics": [],
            "delete_data_disks_on_termination": false,
            "delete_os_disk_on_termination": false,
            "id": "/subscriptions/016d7106-54f2-483c-8087-307813d14cc1/resourceGroups/PRJNEWVM-MYTFRG/providers/Microsoft.Compute/virtualMachines/PRJNEWVM-MyVM",
            "identity": [],
            "license_type": null,
            "location": "australiaeast",
            "name": "PRJNEWVM-MyVM",
            "network_interface_ids": [
              "/subscriptions/016d7106-54f2-483c-8087-307813d14cc1/resourceGroups/PRJNEWVM-MYTFRG/providers/Microsoft.Network/networkInterfaces/PRJNEWVM-nic"
            ],
            "os_profile": [
              {
                "admin_password": "",
                "admin_username": "intadmin",
                "computer_name": "ubuntuVM",
                "custom_data": ""
              }
            ],
            "os_profile_linux_config": [
              {
                "disable_password_authentication": false,
                "ssh_keys": []
              }
            ],
            "os_profile_secrets": [],
            "os_profile_windows_config": [],
            "plan": [],
            "primary_network_interface_id": null,
            "proximity_placement_group_id": null,
            "resource_group_name": "PRJNEWVM-MYTFRG",
            "storage_data_disk": [],
            "storage_image_reference": [
              {
                "id": "",
                "offer": "UbuntuServer",
                "publisher": "Canonical",
                "sku": "16.04-LTS",
                "version": "latest"
              }
            ],
            "storage_os_disk": [
              {
                "caching": "ReadWrite",
                "create_option": "FromImage",
                "disk_size_gb": 30,
                "image_uri": "",
                "managed_disk_id": "/subscriptions/016d7106-54f2-483c-8087-307813d14cc1/resourceGroups/PRJNEWVM-MYTFRG/providers/Microsoft.Compute/disks/myosdisk1",
                "managed_disk_type": "Standard_LRS",
                "name": "myosdisk1",
                "os_type": "Linux",
                "vhd_uri": "",
                "write_accelerator_enabled": false
              }
            ],
            "tags": {
              "environment": "staging"
            },
            "timeouts": null,
            "vm_size": "Standard_DS1_v2",
            "zones": null
          },
          "sensitive_attributes": [],
          "private": "eyJlMmJmYjczMC1lY2FhLTExZTYtOGY4OC0zNDM2M2JjN2M0YzAiOnsiY3JlYXRlIjozNjAwMDAwMDAwMDAwLCJkZWxldGUiOjM2MDAwMDAwMDAwMDAsInJlYWQiOjMwMDAwMDAwMDAwMCwidXBkYXRlIjozNjAwMDAwMDAwMDAwfX0=",
          "dependencies": [
            "azurerm_network_interface.nic",
            "azurerm_resource_group.rg",
            "azurerm_subnet.subnet",
            "azurerm_virtual_network.vnet"
          ]
        }
      ]
    },
    {
      "mode": "managed",
      "type": "azurerm_virtual_network",
      "name": "vnet",
      "provider": "provider[\"registry.terraform.io/hashicorp/azurerm\"]",
      "instances": [
        {
          "schema_version": 0,
          "attributes": {
            "address_space": [
              "10.0.0.0/16"
            ],
            "bgp_community": "",
            "ddos_protection_plan": [],
            "dns_servers": [],
            "guid": "5b2cea37-d906-4920-87c0-a9e4bf9b30d4",
            "id": "/subscriptions/016d7106-54f2-483c-8087-307813d14cc1/resourceGroups/PRJNEWVM-MYTFRG/providers/Microsoft.Network/virtualNetworks/PRJNEWVM-MyTFVnet",
            "location": "australiaeast",
            "name": "PRJNEWVM-MyTFVnet",
            "resource_group_name": "PRJNEWVM-MYTFRG",
            "subnet": [],
            "tags": {},
            "timeouts": null,
            "vm_protection_enabled": false
          },
          "sensitive_attributes": [],
          "private": "eyJlMmJmYjczMC1lY2FhLTExZTYtOGY4OC0zNDM2M2JjN2M0YzAiOnsiY3JlYXRlIjoxODAwMDAwMDAwMDAwLCJkZWxldGUiOjE4MDAwMDAwMDAwMDAsInJlYWQiOjMwMDAwMDAwMDAwMCwidXBkYXRlIjoxODAwMDAwMDAwMDAwfX0=",
          "dependencies": [
            "azurerm_resource_group.rg"
          ]
        }
      ]
    }
  ]
}
